
Microsoft Visual Studio Solution File, Format Version 12.00
# Visual Studio Version 17
VisualStudioVersion = 17.5.33424.131
MinimumVisualStudioVersion = 10.0.40219.1
Project("{FAE04EC0-301F-11D3-BF4B-00C04F79EFBC}") = "sumOfTwoNumbers", "sumOfTwoNumbers\sumOfTwoNumbers.csproj", "{5215F5EF-2978-409A-B4E7-2F1E620C990A}"
EndProject
Global
	GlobalSection(SolutionConfigurationPlatforms) = preSolution
		Debug|Any CPU = Debug|Any CPU
		Release|Any CPU = Release|Any CPU
	EndGlobalSection
	GlobalSection(ProjectConfigurationPlatforms) = postSolution
		{5215F5EF-2978-409A-B4E7-2F1E620C990A}.Debug|Any CPU.ActiveCfg = Debug|Any CPU
		{5215F5EF-2978-409A-B4E7-2F1E620C990A}.Debug|Any CPU.Build.0 = Debug|Any CPU
		{5215F5EF-2978-409A-B4E7-2F1E620C990A}.Release|Any CPU.ActiveCfg = Release|Any CPU
		{5215F5EF-2978-409A-B4E7-2F1E620C990A}.Release|Any CPU.Build.0 = Release|Any CPU
	EndGlobalSection
	GlobalSection(SolutionProperties) = preSolution
		HideSolutionNode = FALSE
	EndGlobalSection
	GlobalSection(ExtensibilityGlobals) = postSolution
		SolutionGuid = {8332754F-ACF5-4C99-B3D9-CEF8A4CBABCD}
	EndGlobalSection
EndGlobal
